
Microsoft Visual Studio Solution File, Format Version 12.00
# Visual Studio 15
VisualStudioVersion = 15.0.28010.2003
MinimumVisualStudioVersion = 10.0.40219.1
Project("{FAE04EC0-301F-11D3-BF4B-00C04F79EFBC}") = "Battleship", "Battleship\Battleship.csproj", "{60EE3292-56EE-4AC3-84BF-85A1B6721C70}"
EndProject
Global
	GlobalSection(SolutionConfigurationPlatforms) = preSolution
		Debug|Any CPU = Debug|Any CPU
		Release|Any CPU = Release|Any CPU
	EndGlobalSection
	GlobalSection(ProjectConfigurationPlatforms) = postSolution
		{60EE3292-56EE-4AC3-84BF-85A1B6721C70}.Debug|Any CPU.ActiveCfg = Debug|Any CPU
		{60EE3292-56EE-4AC3-84BF-85A1B6721C70}.Debug|Any CPU.Build.0 = Debug|Any CPU
		{60EE3292-56EE-4AC3-84BF-85A1B6721C70}.Release|Any CPU.ActiveCfg = Release|Any CPU
		{60EE3292-56EE-4AC3-84BF-85A1B6721C70}.Release|Any CPU.Build.0 = Release|Any CPU
	EndGlobalSection
	GlobalSection(SolutionProperties) = preSolution
		HideSolutionNode = FALSE
	EndGlobalSection
	GlobalSection(ExtensibilityGlobals) = postSolution
		SolutionGuid = {812B434F-530B-475F-A989-E4A66D313BBB}
	EndGlobalSection
EndGlobal
